
Microsoft Visual Studio Solution File, Format Version 12.00
# Visual Studio Version 16
VisualStudioVersion = 16.0.30503.244
MinimumVisualStudioVersion = 10.0.40219.1
Project("{9A19103F-16F7-4668-BE54-9A1E7A4F7556}") = "CodingDojo6", "CodingDojo6\CodingDojo6.csproj", "{6603427D-2D1D-487C-90F9-FD60A2D78660}"
EndProject
Global
	GlobalSection(SolutionConfigurationPlatforms) = preSolution
		Debug|Any CPU = Debug|Any CPU
		Release|Any CPU = Release|Any CPU
	EndGlobalSection
	GlobalSection(ProjectConfigurationPlatforms) = postSolution
		{6603427D-2D1D-487C-90F9-FD60A2D78660}.Debug|Any CPU.ActiveCfg = Debug|Any CPU
		{6603427D-2D1D-487C-90F9-FD60A2D78660}.Debug|Any CPU.Build.0 = Debug|Any CPU
		{6603427D-2D1D-487C-90F9-FD60A2D78660}.Release|Any CPU.ActiveCfg = Release|Any CPU
		{6603427D-2D1D-487C-90F9-FD60A2D78660}.Release|Any CPU.Build.0 = Release|Any CPU
	EndGlobalSection
	GlobalSection(SolutionProperties) = preSolution
		HideSolutionNode = FALSE
	EndGlobalSection
	GlobalSection(ExtensibilityGlobals) = postSolution
		SolutionGuid = {50F72C0E-CD88-4CEA-AFE7-CBA12D73EFF2}
	EndGlobalSection
EndGlobal
